// !$*UTF8*$!
{
	archiveVersion = 1;
	classes = {
	};
	objectVersion = 52;
	objects = {

/* Begin PBXBuildFile section */
		2E8863BD22D0977200822492 /* LystAPIService in Frameworks */ = {isa = PBXBuildFile; productRef = 2E8863BC22D0977200822492 /* LystAPIService */; };
		480865EC22CCEB7500354FE7 /* LystAPIService in Frameworks */ = {isa = PBXBuildFile; productRef = 480865EB22CCEB7500354FE7 /* LystAPIService */; };
		480865EE22CF517C00354FE7 /* ProductCell.xib in Resources */ = {isa = PBXBuildFile; fileRef = 480865ED22CF517B00354FE7 /* ProductCell.xib */; };
		480865F022CF738700354FE7 /* RoundedBorderButtonView.xib in Resources */ = {isa = PBXBuildFile; fileRef = 480865EF22CF738700354FE7 /* RoundedBorderButtonView.xib */; };
		48DE76A122CF791900FB2B33 /* ProductCell.swift in Sources */ = {isa = PBXBuildFile; fileRef = 48DE76A022CF791900FB2B33 /* ProductCell.swift */; };
		48DE76A322CF792300FB2B33 /* ProductCellPresenter.swift in Sources */ = {isa = PBXBuildFile; fileRef = 48DE76A222CF792300FB2B33 /* ProductCellPresenter.swift */; };
		48DE76A522CF880A00FB2B33 /* FeedPresenter.swift in Sources */ = {isa = PBXBuildFile; fileRef = 48DE76A422CF880A00FB2B33 /* FeedPresenter.swift */; };
		48DE76A722CF8BDC00FB2B33 /* FeedContracts.swift in Sources */ = {isa = PBXBuildFile; fileRef = 48DE76A622CF8BDC00FB2B33 /* FeedContracts.swift */; };
		48DE76A922CF962A00FB2B33 /* UITextFieldDoneExtension.swift in Sources */ = {isa = PBXBuildFile; fileRef = 48DE76A822CF962A00FB2B33 /* UITextFieldDoneExtension.swift */; };
		48DE76AD22CF9BC100FB2B33 /* Extensions.swift in Sources */ = {isa = PBXBuildFile; fileRef = 48DE76AC22CF9BC100FB2B33 /* Extensions.swift */; };
		48EC362A22CCA56800600475 /* AppDelegate.swift in Sources */ = {isa = PBXBuildFile; fileRef = 48EC362922CCA56800600475 /* AppDelegate.swift */; };
		48EC362C22CCA56800600475 /* FeedVC.swift in Sources */ = {isa = PBXBuildFile; fileRef = 48EC362B22CCA56800600475 /* FeedVC.swift */; };
		48EC363122CCA56B00600475 /* Assets.xcassets in Resources */ = {isa = PBXBuildFile; fileRef = 48EC363022CCA56B00600475 /* Assets.xcassets */; };
		48EC363422CCA56B00600475 /* LaunchScreen.storyboard in Resources */ = {isa = PBXBuildFile; fileRef = 48EC363222CCA56B00600475 /* LaunchScreen.storyboard */; };
		48EC363F22CCA56B00600475 /* LystTestProjectTests.swift in Sources */ = {isa = PBXBuildFile; fileRef = 48EC363E22CCA56B00600475 /* LystTestProjectTests.swift */; };
		48ED9F0F22D0A4F300D71C52 /* FeedModels.swift in Sources */ = {isa = PBXBuildFile; fileRef = 48ED9F0E22D0A4F300D71C52 /* FeedModels.swift */; };
/* End PBXBuildFile section */

/* Begin PBXContainerItemProxy section */
		48EC363B22CCA56B00600475 /* PBXContainerItemProxy */ = {
			isa = PBXContainerItemProxy;
			containerPortal = 48EC361E22CCA56800600475 /* Project object */;
			proxyType = 1;
			remoteGlobalIDString = 48EC362522CCA56800600475;
			remoteInfo = LystTestProject;
		};
/* End PBXContainerItemProxy section */

/* Begin PBXFileReference section */
		480865ED22CF517B00354FE7 /* ProductCell.xib */ = {isa = PBXFileReference; lastKnownFileType = file.xib; path = ProductCell.xib; sourceTree = "<group>"; };
		480865EF22CF738700354FE7 /* RoundedBorderButtonView.xib */ = {isa = PBXFileReference; fileEncoding = 4; lastKnownFileType = file.xib; path = RoundedBorderButtonView.xib; sourceTree = "<group>"; };
		48DE76A022CF791900FB2B33 /* ProductCell.swift */ = {isa = PBXFileReference; lastKnownFileType = sourcecode.swift; path = ProductCell.swift; sourceTree = "<group>"; };
		48DE76A222CF792300FB2B33 /* ProductCellPresenter.swift */ = {isa = PBXFileReference; lastKnownFileType = sourcecode.swift; path = ProductCellPresenter.swift; sourceTree = "<group>"; };
		48DE76A422CF880A00FB2B33 /* FeedPresenter.swift */ = {isa = PBXFileReference; lastKnownFileType = sourcecode.swift; path = FeedPresenter.swift; sourceTree = "<group>"; };
		48DE76A622CF8BDC00FB2B33 /* FeedContracts.swift */ = {isa = PBXFileReference; lastKnownFileType = sourcecode.swift; path = FeedContracts.swift; sourceTree = "<group>"; };
		48DE76A822CF962A00FB2B33 /* UITextFieldDoneExtension.swift */ = {isa = PBXFileReference; lastKnownFileType = sourcecode.swift; path = UITextFieldDoneExtension.swift; sourceTree = "<group>"; };
		48DE76AC22CF9BC100FB2B33 /* Extensions.swift */ = {isa = PBXFileReference; lastKnownFileType = sourcecode.swift; path = Extensions.swift; sourceTree = "<group>"; };
		48EC362622CCA56800600475 /* LystTestProject.app */ = {isa = PBXFileReference; explicitFileType = wrapper.application; includeInIndex = 0; path = LystTestProject.app; sourceTree = BUILT_PRODUCTS_DIR; };
		48EC362922CCA56800600475 /* AppDelegate.swift */ = {isa = PBXFileReference; lastKnownFileType = sourcecode.swift; path = AppDelegate.swift; sourceTree = "<group>"; };
		48EC362B22CCA56800600475 /* FeedVC.swift */ = {isa = PBXFileReference; lastKnownFileType = sourcecode.swift; path = FeedVC.swift; sourceTree = "<group>"; };
		48EC363022CCA56B00600475 /* Assets.xcassets */ = {isa = PBXFileReference; lastKnownFileType = folder.assetcatalog; path = Assets.xcassets; sourceTree = "<group>"; };
		48EC363322CCA56B00600475 /* Base */ = {isa = PBXFileReference; lastKnownFileType = file.storyboard; name = Base; path = Base.lproj/LaunchScreen.storyboard; sourceTree = "<group>"; };
		48EC363522CCA56B00600475 /* Info.plist */ = {isa = PBXFileReference; lastKnownFileType = text.plist.xml; path = Info.plist; sourceTree = "<group>"; };
		48EC363A22CCA56B00600475 /* LystTestProjectTests.xctest */ = {isa = PBXFileReference; explicitFileType = wrapper.cfbundle; includeInIndex = 0; path = LystTestProjectTests.xctest; sourceTree = BUILT_PRODUCTS_DIR; };
		48EC363E22CCA56B00600475 /* LystTestProjectTests.swift */ = {isa = PBXFileReference; lastKnownFileType = sourcecode.swift; path = LystTestProjectTests.swift; sourceTree = "<group>"; };
		48EC364022CCA56B00600475 /* Info.plist */ = {isa = PBXFileReference; lastKnownFileType = text.plist.xml; path = Info.plist; sourceTree = "<group>"; };
		48ED9F0E22D0A4F300D71C52 /* FeedModels.swift */ = {isa = PBXFileReference; lastKnownFileType = sourcecode.swift; path = FeedModels.swift; sourceTree = "<group>"; };
/* End PBXFileReference section */

/* Begin PBXFrameworksBuildPhase section */
		48EC362322CCA56800600475 /* Frameworks */ = {
			isa = PBXFrameworksBuildPhase;
			buildActionMask = 2147483647;
			files = (
				480865EC22CCEB7500354FE7 /* LystAPIService in Frameworks */,
				2E8863BD22D0977200822492 /* LystAPIService in Frameworks */,
			);
			runOnlyForDeploymentPostprocessing = 0;
		};
		48EC363722CCA56B00600475 /* Frameworks */ = {
			isa = PBXFrameworksBuildPhase;
			buildActionMask = 2147483647;
			files = (
			);
			runOnlyForDeploymentPostprocessing = 0;
		};
/* End PBXFrameworksBuildPhase section */

/* Begin PBXGroup section */
		480865EA22CCEB7500354FE7 /* Frameworks */ = {
			isa = PBXGroup;
			children = (
			);
			name = Frameworks;
			sourceTree = "<group>";
		};
		48DE76AA22CF9B8E00FB2B33 /* Helpers */ = {
			isa = PBXGroup;
			children = (
				48DE76A822CF962A00FB2B33 /* UITextFieldDoneExtension.swift */,
				48DE76AC22CF9BC100FB2B33 /* Extensions.swift */,
			);
			path = Helpers;
			sourceTree = "<group>";
		};
		48DE76AB22CF9BA400FB2B33 /* FeedModule */ = {
			isa = PBXGroup;
			children = (
				48DE76A622CF8BDC00FB2B33 /* FeedContracts.swift */,
				48ED9F0E22D0A4F300D71C52 /* FeedModels.swift */,
				48EC362B22CCA56800600475 /* FeedVC.swift */,
				48DE76A422CF880A00FB2B33 /* FeedPresenter.swift */,
				48DE76A022CF791900FB2B33 /* ProductCell.swift */,
				48DE76A222CF792300FB2B33 /* ProductCellPresenter.swift */,
				480865EF22CF738700354FE7 /* RoundedBorderButtonView.xib */,
				480865ED22CF517B00354FE7 /* ProductCell.xib */,
			);
			path = FeedModule;
			sourceTree = "<group>";
		};
		48EC361D22CCA56800600475 = {
			isa = PBXGroup;
			children = (
				48EC362822CCA56800600475 /* LystTestProject */,
				48EC363D22CCA56B00600475 /* LystTestProjectTests */,
				48EC362722CCA56800600475 /* Products */,
				480865EA22CCEB7500354FE7 /* Frameworks */,
			);
			sourceTree = "<group>";
		};
		48EC362722CCA56800600475 /* Products */ = {
			isa = PBXGroup;
			children = (
				48EC362622CCA56800600475 /* LystTestProject.app */,
				48EC363A22CCA56B00600475 /* LystTestProjectTests.xctest */,
			);
			name = Products;
			sourceTree = "<group>";
		};
		48EC362822CCA56800600475 /* LystTestProject */ = {
			isa = PBXGroup;
			children = (
				48EC362922CCA56800600475 /* AppDelegate.swift */,
				48DE76AA22CF9B8E00FB2B33 /* Helpers */,
				48DE76AB22CF9BA400FB2B33 /* FeedModule */,
				48EC363022CCA56B00600475 /* Assets.xcassets */,
				48EC363222CCA56B00600475 /* LaunchScreen.storyboard */,
				48EC363522CCA56B00600475 /* Info.plist */,
			);
			path = LystTestProject;
			sourceTree = "<group>";
		};
		48EC363D22CCA56B00600475 /* LystTestProjectTests */ = {
			isa = PBXGroup;
			children = (
				48EC363E22CCA56B00600475 /* LystTestProjectTests.swift */,
				48EC364022CCA56B00600475 /* Info.plist */,
			);
			path = LystTestProjectTests;
			sourceTree = "<group>";
		};
/* End PBXGroup section */

/* Begin PBXNativeTarget section */
		48EC362522CCA56800600475 /* LystTestProject */ = {
			isa = PBXNativeTarget;
			buildConfigurationList = 48EC364322CCA56B00600475 /* Build configuration list for PBXNativeTarget "LystTestProject" */;
			buildPhases = (
				48EC362222CCA56800600475 /* Sources */,
				48EC362322CCA56800600475 /* Frameworks */,
				48EC362422CCA56800600475 /* Resources */,
			);
			buildRules = (
			);
			dependencies = (
			);
			name = LystTestProject;
			packageProductDependencies = (
				480865EB22CCEB7500354FE7 /* LystAPIService */,
				2E8863BC22D0977200822492 /* LystAPIService */,
			);
			productName = LystTestProject;
			productReference = 48EC362622CCA56800600475 /* LystTestProject.app */;
			productType = "com.apple.product-type.application";
		};
		48EC363922CCA56B00600475 /* LystTestProjectTests */ = {
			isa = PBXNativeTarget;
			buildConfigurationList = 48EC364622CCA56B00600475 /* Build configuration list for PBXNativeTarget "LystTestProjectTests" */;
			buildPhases = (
				48EC363622CCA56B00600475 /* Sources */,
				48EC363722CCA56B00600475 /* Frameworks */,
				48EC363822CCA56B00600475 /* Resources */,
			);
			buildRules = (
			);
			dependencies = (
				48EC363C22CCA56B00600475 /* PBXTargetDependency */,
			);
			name = LystTestProjectTests;
			productName = LystTestProjectTests;
			productReference = 48EC363A22CCA56B00600475 /* LystTestProjectTests.xctest */;
			productType = "com.apple.product-type.bundle.unit-test";
		};
/* End PBXNativeTarget section */

/* Begin PBXProject section */
		48EC361E22CCA56800600475 /* Project object */ = {
			isa = PBXProject;
			attributes = {
				LastSwiftUpdateCheck = 1020;
				LastUpgradeCheck = 1020;
				ORGANIZATIONNAME = "Ben Sullivan";
				TargetAttributes = {
					48EC362522CCA56800600475 = {
						CreatedOnToolsVersion = 10.2;
					};
					48EC363922CCA56B00600475 = {
						CreatedOnToolsVersion = 10.2;
						TestTargetID = 48EC362522CCA56800600475;
					};
				};
			};
			buildConfigurationList = 48EC362122CCA56800600475 /* Build configuration list for PBXProject "LystTestProject" */;
			compatibilityVersion = "Xcode 9.3";
			developmentRegion = en;
			hasScannedForEncodings = 0;
			knownRegions = (
				en,
				Base,
			);
			mainGroup = 48EC361D22CCA56800600475;
			packageReferences = (
				2E8863BB22D0977200822492 /* XCRemoteSwiftPackageReference "LystAPISwiftPM" */,
			);
			productRefGroup = 48EC362722CCA56800600475 /* Products */;
			projectDirPath = "";
			projectRoot = "";
			targets = (
				48EC362522CCA56800600475 /* LystTestProject */,
				48EC363922CCA56B00600475 /* LystTestProjectTests */,
			);
		};
/* End PBXProject section */

/* Begin PBXResourcesBuildPhase section */
		48EC362422CCA56800600475 /* Resources */ = {
			isa = PBXResourcesBuildPhase;
			buildActionMask = 2147483647;
			files = (
				48EC363422CCA56B00600475 /* LaunchScreen.storyboard in Resources */,
				480865F022CF738700354FE7 /* RoundedBorderButtonView.xib in Resources */,
				480865EE22CF517C00354FE7 /* ProductCell.xib in Resources */,
				48EC363122CCA56B00600475 /* Assets.xcassets in Resources */,
			);
			runOnlyForDeploymentPostprocessing = 0;
		};
		48EC363822CCA56B00600475 /* Resources */ = {
			isa = PBXResourcesBuildPhase;
			buildActionMask = 2147483647;
			files = (
			);
			runOnlyForDeploymentPostprocessing = 0;
		};
/* End PBXResourcesBuildPhase section */

/* Begin PBXSourcesBuildPhase section */
		48EC362222CCA56800600475 /* Sources */ = {
			isa = PBXSourcesBuildPhase;
			buildActionMask = 2147483647;
			files = (
				48DE76A722CF8BDC00FB2B33 /* FeedContracts.swift in Sources */,
				48DE76A522CF880A00FB2B33 /* FeedPresenter.swift in Sources */,
				48DE76A122CF791900FB2B33 /* ProductCell.swift in Sources */,
				48DE76AD22CF9BC100FB2B33 /* Extensions.swift in Sources */,
				48EC362C22CCA56800600475 /* FeedVC.swift in Sources */,
				48DE76A322CF792300FB2B33 /* ProductCellPresenter.swift in Sources */,
				48ED9F0F22D0A4F300D71C52 /* FeedModels.swift in Sources */,
				48EC362A22CCA56800600475 /* AppDelegate.swift in Sources */,
				48DE76A922CF962A00FB2B33 /* UITextFieldDoneExtension.swift in Sources */,
			);
			runOnlyForDeploymentPostprocessing = 0;
		};
		48EC363622CCA56B00600475 /* Sources */ = {
			isa = PBXSourcesBuildPhase;
			buildActionMask = 2147483647;
			files = (
				48EC363F22CCA56B00600475 /* LystTestProjectTests.swift in Sources */,
			);
			runOnlyForDeploymentPostprocessing = 0;
		};
/* End PBXSourcesBuildPhase section */

/* Begin PBXTargetDependency section */
		48EC363C22CCA56B00600475 /* PBXTargetDependency */ = {
			isa = PBXTargetDependency;
			target = 48EC362522CCA56800600475 /* LystTestProject */;
			targetProxy = 48EC363B22CCA56B00600475 /* PBXContainerItemProxy */;
		};
/* End PBXTargetDependency section */

/* Begin PBXVariantGroup section */
		48EC363222CCA56B00600475 /* LaunchScreen.storyboard */ = {
			isa = PBXVariantGroup;
			children = (
				48EC363322CCA56B00600475 /* Base */,
			);
			name = LaunchScreen.storyboard;
			sourceTree = "<group>";
		};
/* End PBXVariantGroup section */

/* Begin XCBuildConfiguration section */
		48EC364122CCA56B00600475 /* Debug */ = {
			isa = XCBuildConfiguration;
			buildSettings = {
				ALWAYS_SEARCH_USER_PATHS = NO;
				CLANG_ANALYZER_NONNULL = YES;
				CLANG_ANALYZER_NUMBER_OBJECT_CONVERSION = YES_AGGRESSIVE;
				CLANG_CXX_LANGUAGE_STANDARD = "gnu++14";
				CLANG_CXX_LIBRARY = "libc++";
				CLANG_ENABLE_MODULES = YES;
				CLANG_ENABLE_OBJC_ARC = YES;
				CLANG_ENABLE_OBJC_WEAK = YES;
				CLANG_WARN_BLOCK_CAPTURE_AUTORELEASING = YES;
				CLANG_WARN_BOOL_CONVERSION = YES;
				CLANG_WARN_COMMA = YES;
				CLANG_WARN_CONSTANT_CONVERSION = YES;
				CLANG_WARN_DEPRECATED_OBJC_IMPLEMENTATIONS = YES;
				CLANG_WARN_DIRECT_OBJC_ISA_USAGE = YES_ERROR;
				CLANG_WARN_DOCUMENTATION_COMMENTS = YES;
				CLANG_WARN_EMPTY_BODY = YES;
				CLANG_WARN_ENUM_CONVERSION = YES;
				CLANG_WARN_INFINITE_RECURSION = YES;
				CLANG_WARN_INT_CONVERSION = YES;
				CLANG_WARN_NON_LITERAL_NULL_CONVERSION = YES;
				CLANG_WARN_OBJC_IMPLICIT_RETAIN_SELF = YES;
				CLANG_WARN_OBJC_LITERAL_CONVERSION = YES;
				CLANG_WARN_OBJC_ROOT_CLASS = YES_ERROR;
				CLANG_WARN_RANGE_LOOP_ANALYSIS = YES;
				CLANG_WARN_STRICT_PROTOTYPES = YES;
				CLANG_WARN_SUSPICIOUS_MOVE = YES;
				CLANG_WARN_UNGUARDED_AVAILABILITY = YES_AGGRESSIVE;
				CLANG_WARN_UNREACHABLE_CODE = YES;
				CLANG_WARN__DUPLICATE_METHOD_MATCH = YES;
				CODE_SIGN_IDENTITY = "iPhone Developer";
				COPY_PHASE_STRIP = NO;
				DEBUG_INFORMATION_FORMAT = dwarf;
				ENABLE_STRICT_OBJC_MSGSEND = YES;
				ENABLE_TESTABILITY = YES;
				GCC_C_LANGUAGE_STANDARD = gnu11;
				GCC_DYNAMIC_NO_PIC = NO;
				GCC_NO_COMMON_BLOCKS = YES;
				GCC_OPTIMIZATION_LEVEL = 0;
				GCC_PREPROCESSOR_DEFINITIONS = (
					"DEBUG=1",
					"$(inherited)",
				);
				GCC_WARN_64_TO_32_BIT_CONVERSION = YES;
				GCC_WARN_ABOUT_RETURN_TYPE = YES_ERROR;
				GCC_WARN_UNDECLARED_SELECTOR = YES;
				GCC_WARN_UNINITIALIZED_AUTOS = YES_AGGRESSIVE;
				GCC_WARN_UNUSED_FUNCTION = YES;
				GCC_WARN_UNUSED_VARIABLE = YES;
				IPHONEOS_DEPLOYMENT_TARGET = 12.2;
				MTL_ENABLE_DEBUG_INFO = INCLUDE_SOURCE;
				MTL_FAST_MATH = YES;
				ONLY_ACTIVE_ARCH = YES;
				SDKROOT = iphoneos;
				SWIFT_ACTIVE_COMPILATION_CONDITIONS = DEBUG;
				SWIFT_OPTIMIZATION_LEVEL = "-Onone";
			};
			name = Debug;
		};
		48EC364222CCA56B00600475 /* Release */ = {
			isa = XCBuildConfiguration;
			buildSettings = {
				ALWAYS_SEARCH_USER_PATHS = NO;
				CLANG_ANALYZER_NONNULL = YES;
				CLANG_ANALYZER_NUMBER_OBJECT_CONVERSION = YES_AGGRESSIVE;
				CLANG_CXX_LANGUAGE_STANDARD = "gnu++14";
				CLANG_CXX_LIBRARY = "libc++";
				CLANG_ENABLE_MODULES = YES;
				CLANG_ENABLE_OBJC_ARC = YES;
				CLANG_ENABLE_OBJC_WEAK = YES;
				CLANG_WARN_BLOCK_CAPTURE_AUTORELEASING = YES;
				CLANG_WARN_BOOL_CONVERSION = YES;
				CLANG_WARN_COMMA = YES;
				CLANG_WARN_CONSTANT_CONVERSION = YES;
				CLANG_WARN_DEPRECATED_OBJC_IMPLEMENTATIONS = YES;
				CLANG_WARN_DIRECT_OBJC_ISA_USAGE = YES_ERROR;
				CLANG_WARN_DOCUMENTATION_COMMENTS = YES;
				CLANG_WARN_EMPTY_BODY = YES;
				CLANG_WARN_ENUM_CONVERSION = YES;
				CLANG_WARN_INFINITE_RECURSION = YES;
				CLANG_WARN_INT_CONVERSION = YES;
				CLANG_WARN_NON_LITERAL_NULL_CONVERSION = YES;
				CLANG_WARN_OBJC_IMPLICIT_RETAIN_SELF = YES;
				CLANG_WARN_OBJC_LITERAL_CONVERSION = YES;
				CLANG_WARN_OBJC_ROOT_CLASS = YES_ERROR;
				CLANG_WARN_RANGE_LOOP_ANALYSIS = YES;
				CLANG_WARN_STRICT_PROTOTYPES = YES;
				CLANG_WARN_SUSPICIOUS_MOVE = YES;
				CLANG_WARN_UNGUARDED_AVAILABILITY = YES_AGGRESSIVE;
				CLANG_WARN_UNREACHABLE_CODE = YES;
				CLANG_WARN__DUPLICATE_METHOD_MATCH = YES;
				CODE_SIGN_IDENTITY = "iPhone Developer";
				COPY_PHASE_STRIP = NO;
				DEBUG_INFORMATION_FORMAT = "dwarf-with-dsym";
				ENABLE_NS_ASSERTIONS = NO;
				ENABLE_STRICT_OBJC_MSGSEND = YES;
				GCC_C_LANGUAGE_STANDARD = gnu11;
				GCC_NO_COMMON_BLOCKS = YES;
				GCC_WARN_64_TO_32_BIT_CONVERSION = YES;
				GCC_WARN_ABOUT_RETURN_TYPE = YES_ERROR;
				GCC_WARN_UNDECLARED_SELECTOR = YES;
				GCC_WARN_UNINITIALIZED_AUTOS = YES_AGGRESSIVE;
				GCC_WARN_UNUSED_FUNCTION = YES;
				GCC_WARN_UNUSED_VARIABLE = YES;
				IPHONEOS_DEPLOYMENT_TARGET = 12.2;
				MTL_ENABLE_DEBUG_INFO = NO;
				MTL_FAST_MATH = YES;
				SDKROOT = iphoneos;
				SWIFT_COMPILATION_MODE = wholemodule;
				SWIFT_OPTIMIZATION_LEVEL = "-O";
				VALIDATE_PRODUCT = YES;
			};
			name = Release;
		};
		48EC364422CCA56B00600475 /* Debug */ = {
			isa = XCBuildConfiguration;
			buildSettings = {
				ASSETCATALOG_COMPILER_APPICON_NAME = AppIcon;
				CODE_SIGN_STYLE = Automatic;
				DEVELOPMENT_TEAM = "";
				INFOPLIST_FILE = LystTestProject/Info.plist;
				IPHONEOS_DEPLOYMENT_TARGET = 10.0;
				LD_RUNPATH_SEARCH_PATHS = (
					"$(inherited)",
					"@executable_path/Frameworks",
				);
				PRODUCT_BUNDLE_IDENTIFIER = BenSullivan.LystTestProject;
				PRODUCT_NAME = "$(TARGET_NAME)";
				SWIFT_VERSION = 5.0;
				TARGETED_DEVICE_FAMILY = "1,2";
			};
			name = Debug;
		};
		48EC364522CCA56B00600475 /* Release */ = {
			isa = XCBuildConfiguration;
			buildSettings = {
				ASSETCATALOG_COMPILER_APPICON_NAME = AppIcon;
				CODE_SIGN_STYLE = Automatic;
				DEVELOPMENT_TEAM = "";
				INFOPLIST_FILE = LystTestProject/Info.plist;
				IPHONEOS_DEPLOYMENT_TARGET = 10.0;
				LD_RUNPATH_SEARCH_PATHS = (
					"$(inherited)",
					"@executable_path/Frameworks",
				);
				PRODUCT_BUNDLE_IDENTIFIER = BenSullivan.LystTestProject;
				PRODUCT_NAME = "$(TARGET_NAME)";
				SWIFT_VERSION = 5.0;
				TARGETED_DEVICE_FAMILY = "1,2";
			};
			name = Release;
		};
		48EC364722CCA56B00600475 /* Debug */ = {
			isa = XCBuildConfiguration;
			buildSettings = {
				ALWAYS_EMBED_SWIFT_STANDARD_LIBRARIES = YES;
				BUNDLE_LOADER = "$(TEST_HOST)";
				CODE_SIGN_STYLE = Automatic;
				DEVELOPMENT_TEAM = 2KVYSWMVXX;
				INFOPLIST_FILE = LystTestProjectTests/Info.plist;
				LD_RUNPATH_SEARCH_PATHS = (
					"$(inherited)",
					"@executable_path/Frameworks",
					"@loader_path/Frameworks",
				);
				PRODUCT_BUNDLE_IDENTIFIER = BenSullivan.LystTestProjectTests;
				PRODUCT_NAME = "$(TARGET_NAME)";
				SWIFT_VERSION = 5.0;
				TARGETED_DEVICE_FAMILY = "1,2";
				TEST_HOST = "$(BUILT_PRODUCTS_DIR)/LystTestProject.app/LystTestProject";
			};
			name = Debug;
		};
		48EC364822CCA56B00600475 /* Release */ = {
			isa = XCBuildConfiguration;
			buildSettings = {
				ALWAYS_EMBED_SWIFT_STANDARD_LIBRARIES = YES;
				BUNDLE_LOADER = "$(TEST_HOST)";
				CODE_SIGN_STYLE = Automatic;
				DEVELOPMENT_TEAM = 2KVYSWMVXX;
				INFOPLIST_FILE = LystTestProjectTests/Info.plist;
				LD_RUNPATH_SEARCH_PATHS = (
					"$(inherited)",
					"@executable_path/Frameworks",
					"@loader_path/Frameworks",
				);
				PRODUCT_BUNDLE_IDENTIFIER = BenSullivan.LystTestProjectTests;
				PRODUCT_NAME = "$(TARGET_NAME)";
				SWIFT_VERSION = 5.0;
				TARGETED_DEVICE_FAMILY = "1,2";
				TEST_HOST = "$(BUILT_PRODUCTS_DIR)/LystTestProject.app/LystTestProject";
			};
			name = Release;
		};
/* End XCBuildConfiguration section */

/* Begin XCConfigurationList section */
		48EC362122CCA56800600475 /* Build configuration list for PBXProject "LystTestProject" */ = {
			isa = XCConfigurationList;
			buildConfigurations = (
				48EC364122CCA56B00600475 /* Debug */,
				48EC364222CCA56B00600475 /* Release */,
			);
			defaultConfigurationIsVisible = 0;
			defaultConfigurationName = Release;
		};
		48EC364322CCA56B00600475 /* Build configuration list for PBXNativeTarget "LystTestProject" */ = {
			isa = XCConfigurationList;
			buildConfigurations = (
				48EC364422CCA56B00600475 /* Debug */,
				48EC364522CCA56B00600475 /* Release */,
			);
			defaultConfigurationIsVisible = 0;
			defaultConfigurationName = Release;
		};
		48EC364622CCA56B00600475 /* Build configuration list for PBXNativeTarget "LystTestProjectTests" */ = {
			isa = XCConfigurationList;
			buildConfigurations = (
				48EC364722CCA56B00600475 /* Debug */,
				48EC364822CCA56B00600475 /* Release */,
			);
			defaultConfigurationIsVisible = 0;
			defaultConfigurationName = Release;
		};
/* End XCConfigurationList section */

/* Begin XCRemoteSwiftPackageReference section */
		2E8863BB22D0977200822492 /* XCRemoteSwiftPackageReference "LystAPISwiftPM" */ = {
			isa = XCRemoteSwiftPackageReference;
			repositoryURL = "https://github.com/MasteringTableViews/LystAPISwiftPM.git";
			requirement = {
				branch = master;
				kind = branch;
			};
		};
/* End XCRemoteSwiftPackageReference section */

/* Begin XCSwiftPackageProductDependency section */
		2E8863BC22D0977200822492 /* LystAPIService */ = {
			isa = XCSwiftPackageProductDependency;
			package = 2E8863BB22D0977200822492 /* XCRemoteSwiftPackageReference "LystAPISwiftPM" */;
			productName = LystAPIService;
		};
		480865EB22CCEB7500354FE7 /* LystAPIService */ = {
			isa = XCSwiftPackageProductDependency;
			productName = LystAPIService;
		};
/* End XCSwiftPackageProductDependency section */
	};
	rootObject = 48EC361E22CCA56800600475 /* Project object */;
}
